<?xml version="1.0" encoding="us-ascii"?>
<ioc xmlns:xsi="http://www.w3.org/2001/XMLSchema-instance" xmlns:xsd="http://www.w3.org/2001/XMLSchema" id="868b1eaa-7d68-4634-9572-a0d442e71814" last-modified="2013-06-17T18:07:08" xmlns="http://schemas.mandiant.com/2010/ioc">
  <short_description>*ARP Entry Test IOCr*</short_description>
  <authored_date>2013-06-17T18:00:55</authored_date>
  <links />
  <definition>
    <Indicator operator="OR" id="063979a1-df60-48c8-b514-5d226f192322">
      <IndicatorItem id="1844b310-86ec-4001-9b2e-144e27f83fae" condition="contains">
        <Context document="ArpEntryItem" search="ArpEntryItem/Interface" type="mir" />
        <Content type="IP">0xf</Content>
      </IndicatorItem>	
	<IndicatorItem id="935dbf4b-7e57-4b05-90e1-be9b0e388047" condition="contains">
        <Context document="ArpEntryItem" search="ArpEntryItem/CacheType" type="mir" />
        <Content type="string">Dynamic</Content>
      </IndicatorItem>
      <IndicatorItem id="f75124fd-cc93-419f-90e6-f243e2608e12" condition="contains">
        <Context document="ArpEntryItem" search="ArpEntryItem/IPv4Address" type="mir" />
        <Content type="IP">192.168.1.1</Content>
      </IndicatorItem>
      <IndicatorItem id="c0b5ea72-52ce-48a2-8580-36d77a33caa5" condition="contains">
        <Context document="ArpEntryItem" search="ArpEntryItem/PhysicalAddress" type="mir" />
        <Content type="string">f0:d1:a9:08:6a:60</Content>
      </IndicatorItem>
    </Indicator>
  </definition>
</ioc>