<?xml version="1.0" encoding="us-ascii"?>
<ioc xmlns:xsi="http://www.w3.org/2001/XMLSchema-instance" xmlns:xsd="http://www.w3.org/2001/XMLSchema" id="efce87c7-f78f-4e32-8f3f-b470d1ec693f" last-modified="2013-01-07T01:29:04" xmlns="http://schemas.mandiant.com/2010/ioc">
  <short_description>*DNS Entry Test IOC*</short_description>
  <authored_date>2013-01-07T01:25:50</authored_date>
  <links />
  <definition>
    <Indicator operator="OR" id="336a594b-3302-4ac8-9512-4f329d660515">
      <IndicatorItem id="1d1ca6f3-6bf9-4c8a-812e-3e9879f5ad29" condition="contains">
        <Context document="DnsEntryItem" search="DnsEntryItem/Host" type="mir" />
        <Content type="string">www.yahoo.com</Content>
      </IndicatorItem>
      <IndicatorItem id="03ff5739-b4e8-47ba-9731-cc05399e3bb1" condition="is">
        <Context document="DnsEntryItem" search="DnsEntryItem/DataLength" type="mir" />
        <Content type="int">8</Content>
      </IndicatorItem>
      <IndicatorItem id="82b571d3-9432-4cf2-af87-f9d1926cebf5" condition="contains">
        <Context document="DnsEntryItem" search="DnsEntryItem/RecordName" type="mir" />
        <Content type="string">www.yahoo.com</Content>
      </IndicatorItem>
      <IndicatorItem id="5263a013-3877-4038-a441-e7fae573820f" condition="contains">
        <Context document="DnsEntryItem" search="DnsEntryItem/RecordType" type="mir" />
        <Content type="string">5</Content>
      </IndicatorItem>
      <IndicatorItem id="1d8e01c5-9840-4244-97d9-72c3ea50e61a" condition="contains">
        <Context document="DnsEntryItem" search="DnsEntryItem/TimeToLive" type="mir" />
        <Content type="string">2</Content>
      </IndicatorItem>
      <IndicatorItem id="cf3a83a1-aac3-4730-9efb-302e919f841f" condition="contains">
        <Context document="DnsEntryItem" search="DnsEntryItem/RecordData/IPv4Address" type="mir" />
        <Content type="IP">192.168.237.128</Content>
      </IndicatorItem>
    </Indicator>
  </definition>
</ioc>